// !$*UTF8*$!
{
	archiveVersion = 1;
	classes = {
	};
	objectVersion = 46;
	objects = {

/* Begin PBXBuildFile section */
		43082FAD1AB6316B00AF620A /* main.m in Sources */ = {isa = PBXBuildFile; fileRef = 43082FAC1AB6316B00AF620A /* main.m */; };
		43082FB01AB6316B00AF620A /* AppDelegate.m in Sources */ = {isa = PBXBuildFile; fileRef = 43082FAF1AB6316B00AF620A /* AppDelegate.m */; };
		43082FB31AB6316B00AF620A /* ViewController.m in Sources */ = {isa = PBXBuildFile; fileRef = 43082FB21AB6316B00AF620A /* ViewController.m */; };
		43082FB81AB6316B00AF620A /* Images.xcassets in Resources */ = {isa = PBXBuildFile; fileRef = 43082FB71AB6316B00AF620A /* Images.xcassets */; };
		43082FBB1AB6316B00AF620A /* LaunchScreen.xib in Resources */ = {isa = PBXBuildFile; fileRef = 43082FB91AB6316B00AF620A /* LaunchScreen.xib */; };
		43082FC71AB6316B00AF620A /* BlueListenerTests.m in Sources */ = {isa = PBXBuildFile; fileRef = 43082FC61AB6316B00AF620A /* BlueListenerTests.m */; };
		43082FD11AB6324400AF620A /* Main.storyboard in Resources */ = {isa = PBXBuildFile; fileRef = 43082FD01AB6324400AF620A /* Main.storyboard */; };
		4315BDF21AC4E25D007EC20B /* CharacteristicsViewController.m in Sources */ = {isa = PBXBuildFile; fileRef = 4315BDF11AC4E25D007EC20B /* CharacteristicsViewController.m */; };
		439D45911AC8C321006B5D2F /* FoundServices.m in Sources */ = {isa = PBXBuildFile; fileRef = 439D45901AC8C321006B5D2F /* FoundServices.m */; };
/* End PBXBuildFile section */

/* Begin PBXContainerItemProxy section */
		43082FC11AB6316B00AF620A /* PBXContainerItemProxy */ = {
			isa = PBXContainerItemProxy;
			containerPortal = 43082F9F1AB6316B00AF620A /* Project object */;
			proxyType = 1;
			remoteGlobalIDString = 43082FA61AB6316B00AF620A;
			remoteInfo = BlueListener;
		};
/* End PBXContainerItemProxy section */

/* Begin PBXFileReference section */
		43082FA71AB6316B00AF620A /* BlueListener.app */ = {isa = PBXFileReference; explicitFileType = wrapper.application; includeInIndex = 0; path = BlueListener.app; sourceTree = BUILT_PRODUCTS_DIR; };
		43082FAB1AB6316B00AF620A /* Info.plist */ = {isa = PBXFileReference; lastKnownFileType = text.plist.xml; path = Info.plist; sourceTree = "<group>"; };
		43082FAC1AB6316B00AF620A /* main.m */ = {isa = PBXFileReference; lastKnownFileType = sourcecode.c.objc; path = main.m; sourceTree = "<group>"; };
		43082FAE1AB6316B00AF620A /* AppDelegate.h */ = {isa = PBXFileReference; lastKnownFileType = sourcecode.c.h; path = AppDelegate.h; sourceTree = "<group>"; };
		43082FAF1AB6316B00AF620A /* AppDelegate.m */ = {isa = PBXFileReference; lastKnownFileType = sourcecode.c.objc; path = AppDelegate.m; sourceTree = "<group>"; };
		43082FB11AB6316B00AF620A /* ViewController.h */ = {isa = PBXFileReference; lastKnownFileType = sourcecode.c.h; path = ViewController.h; sourceTree = "<group>"; };
		43082FB21AB6316B00AF620A /* ViewController.m */ = {isa = PBXFileReference; lastKnownFileType = sourcecode.c.objc; path = ViewController.m; sourceTree = "<group>"; };
		43082FB71AB6316B00AF620A /* Images.xcassets */ = {isa = PBXFileReference; lastKnownFileType = folder.assetcatalog; path = Images.xcassets; sourceTree = "<group>"; };
		43082FBA1AB6316B00AF620A /* Base */ = {isa = PBXFileReference; lastKnownFileType = file.xib; name = Base; path = Base.lproj/LaunchScreen.xib; sourceTree = "<group>"; };
		43082FC01AB6316B00AF620A /* BlueListenerTests.xctest */ = {isa = PBXFileReference; explicitFileType = wrapper.cfbundle; includeInIndex = 0; path = BlueListenerTests.xctest; sourceTree = BUILT_PRODUCTS_DIR; };
		43082FC51AB6316B00AF620A /* Info.plist */ = {isa = PBXFileReference; lastKnownFileType = text.plist.xml; path = Info.plist; sourceTree = "<group>"; };
		43082FC61AB6316B00AF620A /* BlueListenerTests.m */ = {isa = PBXFileReference; lastKnownFileType = sourcecode.c.objc; path = BlueListenerTests.m; sourceTree = "<group>"; };
		43082FD01AB6324400AF620A /* Main.storyboard */ = {isa = PBXFileReference; fileEncoding = 4; lastKnownFileType = file.storyboard; path = Main.storyboard; sourceTree = "<group>"; };
		4315BDF01AC4E25D007EC20B /* CharacteristicsViewController.h */ = {isa = PBXFileReference; fileEncoding = 4; lastKnownFileType = sourcecode.c.h; name = CharacteristicsViewController.h; path = ../CharacteristicsViewController.h; sourceTree = "<group>"; };
		4315BDF11AC4E25D007EC20B /* CharacteristicsViewController.m */ = {isa = PBXFileReference; fileEncoding = 4; lastKnownFileType = sourcecode.c.objc; name = CharacteristicsViewController.m; path = ../CharacteristicsViewController.m; sourceTree = "<group>"; };
		439D458F1AC8C321006B5D2F /* FoundServices.h */ = {isa = PBXFileReference; fileEncoding = 4; lastKnownFileType = sourcecode.c.h; path = FoundServices.h; sourceTree = "<group>"; };
		439D45901AC8C321006B5D2F /* FoundServices.m */ = {isa = PBXFileReference; fileEncoding = 4; lastKnownFileType = sourcecode.c.objc; path = FoundServices.m; sourceTree = "<group>"; };
/* End PBXFileReference section */

/* Begin PBXFrameworksBuildPhase section */
		43082FA41AB6316B00AF620A /* Frameworks */ = {
			isa = PBXFrameworksBuildPhase;
			buildActionMask = 2147483647;
			files = (
			);
			runOnlyForDeploymentPostprocessing = 0;
		};
		43082FBD1AB6316B00AF620A /* Frameworks */ = {
			isa = PBXFrameworksBuildPhase;
			buildActionMask = 2147483647;
			files = (
			);
			runOnlyForDeploymentPostprocessing = 0;
		};
/* End PBXFrameworksBuildPhase section */

/* Begin PBXGroup section */
		43082F9E1AB6316B00AF620A = {
			isa = PBXGroup;
			children = (
				43082FA91AB6316B00AF620A /* BlueListener */,
				43082FC31AB6316B00AF620A /* BlueListenerTests */,
				43082FA81AB6316B00AF620A /* Products */,
			);
			sourceTree = "<group>";
		};
		43082FA81AB6316B00AF620A /* Products */ = {
			isa = PBXGroup;
			children = (
				43082FA71AB6316B00AF620A /* BlueListener.app */,
				43082FC01AB6316B00AF620A /* BlueListenerTests.xctest */,
			);
			name = Products;
			sourceTree = "<group>";
		};
		43082FA91AB6316B00AF620A /* BlueListener */ = {
			isa = PBXGroup;
			children = (
				43082FD01AB6324400AF620A /* Main.storyboard */,
				43082FAE1AB6316B00AF620A /* AppDelegate.h */,
				43082FAF1AB6316B00AF620A /* AppDelegate.m */,
				43082FB11AB6316B00AF620A /* ViewController.h */,
				43082FB21AB6316B00AF620A /* ViewController.m */,
				4315BDF01AC4E25D007EC20B /* CharacteristicsViewController.h */,
				4315BDF11AC4E25D007EC20B /* CharacteristicsViewController.m */,
				439D458F1AC8C321006B5D2F /* FoundServices.h */,
				439D45901AC8C321006B5D2F /* FoundServices.m */,
				43082FB71AB6316B00AF620A /* Images.xcassets */,
				43082FB91AB6316B00AF620A /* LaunchScreen.xib */,
				43082FAA1AB6316B00AF620A /* Supporting Files */,
			);
			path = BlueListener;
			sourceTree = "<group>";
		};
		43082FAA1AB6316B00AF620A /* Supporting Files */ = {
			isa = PBXGroup;
			children = (
				43082FAB1AB6316B00AF620A /* Info.plist */,
				43082FAC1AB6316B00AF620A /* main.m */,
			);
			name = "Supporting Files";
			sourceTree = "<group>";
		};
		43082FC31AB6316B00AF620A /* BlueListenerTests */ = {
			isa = PBXGroup;
			children = (
				43082FC61AB6316B00AF620A /* BlueListenerTests.m */,
				43082FC41AB6316B00AF620A /* Supporting Files */,
			);
			path = BlueListenerTests;
			sourceTree = "<group>";
		};
		43082FC41AB6316B00AF620A /* Supporting Files */ = {
			isa = PBXGroup;
			children = (
				43082FC51AB6316B00AF620A /* Info.plist */,
			);
			name = "Supporting Files";
			sourceTree = "<group>";
		};
/* End PBXGroup section */

/* Begin PBXNativeTarget section */
		43082FA61AB6316B00AF620A /* BlueListener */ = {
			isa = PBXNativeTarget;
			buildConfigurationList = 43082FCA1AB6316B00AF620A /* Build configuration list for PBXNativeTarget "BlueListener" */;
			buildPhases = (
				43082FA31AB6316B00AF620A /* Sources */,
				43082FA41AB6316B00AF620A /* Frameworks */,
				43082FA51AB6316B00AF620A /* Resources */,
			);
			buildRules = (
			);
			dependencies = (
			);
			name = BlueListener;
			productName = BlueListener;
			productReference = 43082FA71AB6316B00AF620A /* BlueListener.app */;
			productType = "com.apple.product-type.application";
		};
		43082FBF1AB6316B00AF620A /* BlueListenerTests */ = {
			isa = PBXNativeTarget;
			buildConfigurationList = 43082FCD1AB6316B00AF620A /* Build configuration list for PBXNativeTarget "BlueListenerTests" */;
			buildPhases = (
				43082FBC1AB6316B00AF620A /* Sources */,
				43082FBD1AB6316B00AF620A /* Frameworks */,
				43082FBE1AB6316B00AF620A /* Resources */,
			);
			buildRules = (
			);
			dependencies = (
				43082FC21AB6316B00AF620A /* PBXTargetDependency */,
			);
			name = BlueListenerTests;
			productName = BlueListenerTests;
			productReference = 43082FC01AB6316B00AF620A /* BlueListenerTests.xctest */;
			productType = "com.apple.product-type.bundle.unit-test";
		};
/* End PBXNativeTarget section */

/* Begin PBXProject section */
		43082F9F1AB6316B00AF620A /* Project object */ = {
			isa = PBXProject;
			attributes = {
				LastUpgradeCheck = 0620;
				ORGANIZATIONNAME = "Melissa Boring";
				TargetAttributes = {
					43082FA61AB6316B00AF620A = {
						CreatedOnToolsVersion = 6.2;
						DevelopmentTeam = WFBXYH99LH;
					};
					43082FBF1AB6316B00AF620A = {
						CreatedOnToolsVersion = 6.2;
						TestTargetID = 43082FA61AB6316B00AF620A;
					};
				};
			};
			buildConfigurationList = 43082FA21AB6316B00AF620A /* Build configuration list for PBXProject "BlueListener" */;
			compatibilityVersion = "Xcode 3.2";
			developmentRegion = English;
			hasScannedForEncodings = 0;
			knownRegions = (
				en,
				Base,
			);
			mainGroup = 43082F9E1AB6316B00AF620A;
			productRefGroup = 43082FA81AB6316B00AF620A /* Products */;
			projectDirPath = "";
			projectRoot = "";
			targets = (
				43082FA61AB6316B00AF620A /* BlueListener */,
				43082FBF1AB6316B00AF620A /* BlueListenerTests */,
			);
		};
/* End PBXProject section */

/* Begin PBXResourcesBuildPhase section */
		43082FA51AB6316B00AF620A /* Resources */ = {
			isa = PBXResourcesBuildPhase;
			buildActionMask = 2147483647;
			files = (
				43082FBB1AB6316B00AF620A /* LaunchScreen.xib in Resources */,
				43082FB81AB6316B00AF620A /* Images.xcassets in Resources */,
				43082FD11AB6324400AF620A /* Main.storyboard in Resources */,
			);
			runOnlyForDeploymentPostprocessing = 0;
		};
		43082FBE1AB6316B00AF620A /* Resources */ = {
			isa = PBXResourcesBuildPhase;
			buildActionMask = 2147483647;
			files = (
			);
			runOnlyForDeploymentPostprocessing = 0;
		};
/* End PBXResourcesBuildPhase section */

/* Begin PBXSourcesBuildPhase section */
		43082FA31AB6316B00AF620A /* Sources */ = {
			isa = PBXSourcesBuildPhase;
			buildActionMask = 2147483647;
			files = (
				43082FB31AB6316B00AF620A /* ViewController.m in Sources */,
				4315BDF21AC4E25D007EC20B /* CharacteristicsViewController.m in Sources */,
				43082FB01AB6316B00AF620A /* AppDelegate.m in Sources */,
				43082FAD1AB6316B00AF620A /* main.m in Sources */,
				439D45911AC8C321006B5D2F /* FoundServices.m in Sources */,
			);
			runOnlyForDeploymentPostprocessing = 0;
		};
		43082FBC1AB6316B00AF620A /* Sources */ = {
			isa = PBXSourcesBuildPhase;
			buildActionMask = 2147483647;
			files = (
				43082FC71AB6316B00AF620A /* BlueListenerTests.m in Sources */,
			);
			runOnlyForDeploymentPostprocessing = 0;
		};
/* End PBXSourcesBuildPhase section */

/* Begin PBXTargetDependency section */
		43082FC21AB6316B00AF620A /* PBXTargetDependency */ = {
			isa = PBXTargetDependency;
			target = 43082FA61AB6316B00AF620A /* BlueListener */;
			targetProxy = 43082FC11AB6316B00AF620A /* PBXContainerItemProxy */;
		};
/* End PBXTargetDependency section */

/* Begin PBXVariantGroup section */
		43082FB91AB6316B00AF620A /* LaunchScreen.xib */ = {
			isa = PBXVariantGroup;
			children = (
				43082FBA1AB6316B00AF620A /* Base */,
			);
			name = LaunchScreen.xib;
			sourceTree = "<group>";
		};
/* End PBXVariantGroup section */

/* Begin XCBuildConfiguration section */
		43082FC81AB6316B00AF620A /* Debug */ = {
			isa = XCBuildConfiguration;
			buildSettings = {
				ALWAYS_SEARCH_USER_PATHS = NO;
				CLANG_CXX_LANGUAGE_STANDARD = "gnu++0x";
				CLANG_CXX_LIBRARY = "libc++";
				CLANG_ENABLE_MODULES = YES;
				CLANG_ENABLE_OBJC_ARC = YES;
				CLANG_WARN_BOOL_CONVERSION = YES;
				CLANG_WARN_CONSTANT_CONVERSION = YES;
				CLANG_WARN_DIRECT_OBJC_ISA_USAGE = YES_ERROR;
				CLANG_WARN_EMPTY_BODY = YES;
				CLANG_WARN_ENUM_CONVERSION = YES;
				CLANG_WARN_INT_CONVERSION = YES;
				CLANG_WARN_OBJC_ROOT_CLASS = YES_ERROR;
				CLANG_WARN_UNREACHABLE_CODE = YES;
				CLANG_WARN__DUPLICATE_METHOD_MATCH = YES;
				"CODE_SIGN_IDENTITY[sdk=iphoneos*]" = "iPhone Developer";
				COPY_PHASE_STRIP = NO;
				ENABLE_STRICT_OBJC_MSGSEND = YES;
				GCC_C_LANGUAGE_STANDARD = gnu99;
				GCC_DYNAMIC_NO_PIC = NO;
				GCC_OPTIMIZATION_LEVEL = 0;
				GCC_PREPROCESSOR_DEFINITIONS = (
					"DEBUG=1",
					"$(inherited)",
				);
				GCC_SYMBOLS_PRIVATE_EXTERN = NO;
				GCC_WARN_64_TO_32_BIT_CONVERSION = YES;
				GCC_WARN_ABOUT_RETURN_TYPE = YES_ERROR;
				GCC_WARN_UNDECLARED_SELECTOR = YES;
				GCC_WARN_UNINITIALIZED_AUTOS = YES_AGGRESSIVE;
				GCC_WARN_UNUSED_FUNCTION = YES;
				GCC_WARN_UNUSED_VARIABLE = YES;
				IPHONEOS_DEPLOYMENT_TARGET = 8.2;
				MTL_ENABLE_DEBUG_INFO = YES;
				ONLY_ACTIVE_ARCH = YES;
				SDKROOT = iphoneos;
			};
			name = Debug;
		};
		43082FC91AB6316B00AF620A /* Release */ = {
			isa = XCBuildConfiguration;
			buildSettings = {
				ALWAYS_SEARCH_USER_PATHS = NO;
				CLANG_CXX_LANGUAGE_STANDARD = "gnu++0x";
				CLANG_CXX_LIBRARY = "libc++";
				CLANG_ENABLE_MODULES = YES;
				CLANG_ENABLE_OBJC_ARC = YES;
				CLANG_WARN_BOOL_CONVERSION = YES;
				CLANG_WARN_CONSTANT_CONVERSION = YES;
				CLANG_WARN_DIRECT_OBJC_ISA_USAGE = YES_ERROR;
				CLANG_WARN_EMPTY_BODY = YES;
				CLANG_WARN_ENUM_CONVERSION = YES;
				CLANG_WARN_INT_CONVERSION = YES;
				CLANG_WARN_OBJC_ROOT_CLASS = YES_ERROR;
				CLANG_WARN_UNREACHABLE_CODE = YES;
				CLANG_WARN__DUPLICATE_METHOD_MATCH = YES;
				"CODE_SIGN_IDENTITY[sdk=iphoneos*]" = "iPhone Developer";
				COPY_PHASE_STRIP = NO;
				ENABLE_NS_ASSERTIONS = NO;
				ENABLE_STRICT_OBJC_MSGSEND = YES;
				GCC_C_LANGUAGE_STANDARD = gnu99;
				GCC_WARN_64_TO_32_BIT_CONVERSION = YES;
				GCC_WARN_ABOUT_RETURN_TYPE = YES_ERROR;
				GCC_WARN_UNDECLARED_SELECTOR = YES;
				GCC_WARN_UNINITIALIZED_AUTOS = YES_AGGRESSIVE;
				GCC_WARN_UNUSED_FUNCTION = YES;
				GCC_WARN_UNUSED_VARIABLE = YES;
				IPHONEOS_DEPLOYMENT_TARGET = 8.2;
				MTL_ENABLE_DEBUG_INFO = NO;
				SDKROOT = iphoneos;
				VALIDATE_PRODUCT = YES;
			};
			name = Release;
		};
		43082FCB1AB6316B00AF620A /* Debug */ = {
			isa = XCBuildConfiguration;
			buildSettings = {
				ASSETCATALOG_COMPILER_APPICON_NAME = AppIcon;
				CODE_SIGN_IDENTITY = "iPhone Developer";
				INFOPLIST_FILE = BlueListener/Info.plist;
				IPHONEOS_DEPLOYMENT_TARGET = 8.1;
				LD_RUNPATH_SEARCH_PATHS = "$(inherited) @executable_path/Frameworks";
				PRODUCT_NAME = "$(TARGET_NAME)";
			};
			name = Debug;
		};
		43082FCC1AB6316B00AF620A /* Release */ = {
			isa = XCBuildConfiguration;
			buildSettings = {
				ASSETCATALOG_COMPILER_APPICON_NAME = AppIcon;
				CODE_SIGN_IDENTITY = "iPhone Developer";
				INFOPLIST_FILE = BlueListener/Info.plist;
				IPHONEOS_DEPLOYMENT_TARGET = 8.1;
				LD_RUNPATH_SEARCH_PATHS = "$(inherited) @executable_path/Frameworks";
				MTL_ENABLE_DEBUG_INFO = NO;
				PRODUCT_NAME = "$(TARGET_NAME)";
			};
			name = Release;
		};
		43082FCE1AB6316B00AF620A /* Debug */ = {
			isa = XCBuildConfiguration;
			buildSettings = {
				BUNDLE_LOADER = "$(TEST_HOST)";
				FRAMEWORK_SEARCH_PATHS = (
					"$(SDKROOT)/Developer/Library/Frameworks",
					"$(inherited)",
				);
				GCC_PREPROCESSOR_DEFINITIONS = (
					"DEBUG=1",
					"$(inherited)",
				);
				INFOPLIST_FILE = BlueListenerTests/Info.plist;
				LD_RUNPATH_SEARCH_PATHS = "$(inherited) @executable_path/Frameworks @loader_path/Frameworks";
				PRODUCT_NAME = "$(TARGET_NAME)";
				TEST_HOST = "$(BUILT_PRODUCTS_DIR)/BlueListener.app/BlueListener";
			};
			name = Debug;
		};
		43082FCF1AB6316B00AF620A /* Release */ = {
			isa = XCBuildConfiguration;
			buildSettings = {
				BUNDLE_LOADER = "$(TEST_HOST)";
				FRAMEWORK_SEARCH_PATHS = (
					"$(SDKROOT)/Developer/Library/Frameworks",
					"$(inherited)",
				);
				INFOPLIST_FILE = BlueListenerTests/Info.plist;
				LD_RUNPATH_SEARCH_PATHS = "$(inherited) @executable_path/Frameworks @loader_path/Frameworks";
				PRODUCT_NAME = "$(TARGET_NAME)";
				TEST_HOST = "$(BUILT_PRODUCTS_DIR)/BlueListener.app/BlueListener";
			};
			name = Release;
		};
/* End XCBuildConfiguration section */

/* Begin XCConfigurationList section */
		43082FA21AB6316B00AF620A /* Build configuration list for PBXProject "BlueListener" */ = {
			isa = XCConfigurationList;
			buildConfigurations = (
				43082FC81AB6316B00AF620A /* Debug */,
				43082FC91AB6316B00AF620A /* Release */,
			);
			defaultConfigurationIsVisible = 0;
			defaultConfigurationName = Release;
		};
		43082FCA1AB6316B00AF620A /* Build configuration list for PBXNativeTarget "BlueListener" */ = {
			isa = XCConfigurationList;
			buildConfigurations = (
				43082FCB1AB6316B00AF620A /* Debug */,
				43082FCC1AB6316B00AF620A /* Release */,
			);
			defaultConfigurationIsVisible = 0;
			defaultConfigurationName = Release;
		};
		43082FCD1AB6316B00AF620A /* Build configuration list for PBXNativeTarget "BlueListenerTests" */ = {
			isa = XCConfigurationList;
			buildConfigurations = (
				43082FCE1AB6316B00AF620A /* Debug */,
				43082FCF1AB6316B00AF620A /* Release */,
			);
			defaultConfigurationIsVisible = 0;
			defaultConfigurationName = Release;
		};
/* End XCConfigurationList section */
	};
	rootObject = 43082F9F1AB6316B00AF620A /* Project object */;
}
